Microsoft Visual Studio Solution File, Format Version 12.00
# Visual Studio Version 17
Project("{9A19103F-16F7-4668-BE54-9A1E7A4F7556}") = "ProtoDesigner.Core", "src\ProtoDesigner.Core\ProtoDesigner.Core.csproj", "{2E1B4B9C-0001-4C6E-9F1A-0000000000C0}"
EndProject
Project("{9A19103F-16F7-4668-BE54-9A1E7A4F7556}") = "ProtoDesigner.Core.Tests", "tests\ProtoDesigner.Core.Tests\ProtoDesigner.Core.Tests.csproj", "{2E1B4B9C-0002-4C6E-9F1A-0000000000C1}"
EndProject
Project("{9A19103F-16F7-4668-BE54-9A1E7A4F7556}") = "ProtoDesigner.Application", "src\ProtoDesigner.Application\ProtoDesigner.Application.csproj", "{2E1B4B9C-0003-4C6E-9F1A-0000000000C2}"
EndProject
Project("{9A19103F-16F7-4668-BE54-9A1E7A4F7556}") = "ProtoDesigner.Persistence.Json", "src\ProtoDesigner.Persistence.Json\ProtoDesigner.Persistence.Json.csproj", "{2E1B4B9C-0004-4C6E-9F1A-0000000000C3}"
EndProject
Project("{9A19103F-16F7-4668-BE54-9A1E7A4F7556}") = "ProtoDesigner.Persistence.Json.Tests", "tests\ProtoDesigner.Persistence.Json.Tests\ProtoDesigner.Persistence.Json.Tests.csproj", "{2E1B4B9C-0005-4C6E-9F1A-0000000000C4}"
EndProject
Project("{9A19103F-16F7-4668-BE54-9A1E7A4F7556}") = "ProtoDesigner.Wpf", "src\ProtoDesigner.Wpf\ProtoDesigner.Wpf.csproj", "{2E1B4B9C-0006-4C6E-9F1A-0000000000C5}"
EndProject
Project("{9A19103F-16F7-4668-BE54-9A1E7A4F7556}") = "ProtoDesigner.CodeGen", "src\ProtoDesigner.CodeGen\ProtoDesigner.CodeGen.csproj", "{2E1B4B9C-0007-4C6E-9F1A-0000000000C6}"
EndProject
Project("{9A19103F-16F7-4668-BE54-9A1E7A4F7556}") = "ProtoDesigner.CodeGen.Tests", "tests\ProtoDesigner.CodeGen.Tests\ProtoDesigner.CodeGen.Tests.csproj", "{2E1B4B9C-0008-4C6E-9F1A-0000000000C7}"
EndProject
Project("{9A19103F-16F7-4668-BE54-9A1E7A4F7556}") = "ProtoDesigner.Cli", "src\ProtoDesigner.Cli\ProtoDesigner.Cli.csproj", "{2E1B4B9C-0009-4C6E-9F1A-0000000000C8}"
EndProject
Project("{9A19103F-16F7-4668-BE54-9A1E7A4F7556}") = "ProtoDesigner.Cli.Tests", "tests\ProtoDesigner.Cli.Tests\ProtoDesigner.Cli.Tests.csproj", "{2E1B4B9C-000A-4C6E-9F1A-0000000000C9}"
EndProject
Project("{9A19103F-16F7-4668-BE54-9A1E7A4F7556}") = "ProtoDesigner.Application.Tests", "tests\ProtoDesigner.Application.Tests\ProtoDesigner.Application.Tests.csproj", "{2E1B4B9C-000B-4C6E-9F1A-0000000000CA}"
EndProject
Project("{2150E333-8FDC-42A3-9474-1A3956D46DE8}") = "tests", "tests", "{BC73977A-8D58-46B7-A685-D244E44E7B8B}"
EndProject
Project("{FAE04EC0-301F-11D3-BF4B-00C04F79EFBC}") = "ProtoDesigner.Wpf.Tests", "tests\ProtoDesigner.Wpf.Tests\ProtoDesigner.Wpf.Tests.csproj", "{AB11FFEA-51AC-42CB-A664-51B270507FC9}"
EndProject
Project("{2150E333-8FDC-42A3-9474-1A3956D46DE8}") = "src", "src", "{DE6F4E1E-9C2C-4FE7-A56A-5BE39F1F6D1F}"
EndProject
Project("{FAE04EC0-301F-11D3-BF4B-00C04F79EFBC}") = "ProtoDesigner.Persistence.Sql", "src\ProtoDesigner.Persistence.Sql\ProtoDesigner.Persistence.Sql.csproj", "{6C8C347A-FBE0-4CF4-8F87-6CA83D5BDE9A}"
EndProject
Project("{FAE04EC0-301F-11D3-BF4B-00C04F79EFBC}") = "ProtoDesigner.Persistence.Contract", "tests\ProtoDesigner.Persistence.Contract\ProtoDesigner.Persistence.Contract.csproj", "{B35CCF44-2F2E-4716-9D4F-8E80A9CA785A}"
EndProject
Project("{FAE04EC0-301F-11D3-BF4B-00C04F79EFBC}") = "ProtoDesigner.Persistence.Sql.Tests", "tests\ProtoDesigner.Persistence.Sql.Tests\ProtoDesigner.Persistence.Sql.Tests.csproj", "{003DA8F1-B4F4-4983-894D-368974DD245A}"
EndProject
Global
	GlobalSection(SolutionConfigurationPlatforms) = preSolution
		Debug|Any CPU = Debug|Any CPU
		Release|Any CPU = Release|Any CPU
	EndGlobalSection
	GlobalSection(ProjectConfigurationPlatforms) = postSolution
		{2E1B4B9C-0001-4C6E-9F1A-0000000000C0}.Debug|Any CPU.ActiveCfg = Debug|Any CPU
		{2E1B4B9C-0001-4C6E-9F1A-0000000000C0}.Debug|Any CPU.Build.0 = Debug|Any CPU
		{2E1B4B9C-0001-4C6E-9F1A-0000000000C0}.Release|Any CPU.ActiveCfg = Release|Any CPU
		{2E1B4B9C-0001-4C6E-9F1A-0000000000C0}.Release|Any CPU.Build.0 = Release|Any CPU
		{2E1B4B9C-0002-4C6E-9F1A-0000000000C1}.Debug|Any CPU.ActiveCfg = Debug|Any CPU
		{2E1B4B9C-0002-4C6E-9F1A-0000000000C1}.Debug|Any CPU.Build.0 = Debug|Any CPU
		{2E1B4B9C-0002-4C6E-9F1A-0000000000C1}.Release|Any CPU.ActiveCfg = Release|Any CPU
		{2E1B4B9C-0002-4C6E-9F1A-0000000000C1}.Release|Any CPU.Build.0 = Release|Any CPU
		{2E1B4B9C-0003-4C6E-9F1A-0000000000C2}.Debug|Any CPU.ActiveCfg = Debug|Any CPU
		{2E1B4B9C-0003-4C6E-9F1A-0000000000C2}.Debug|Any CPU.Build.0 = Debug|Any CPU
		{2E1B4B9C-0003-4C6E-9F1A-0000000000C2}.Release|Any CPU.ActiveCfg = Release|Any CPU
		{2E1B4B9C-0003-4C6E-9F1A-0000000000C2}.Release|Any CPU.Build.0 = Release|Any CPU
		{2E1B4B9C-0004-4C6E-9F1A-0000000000C3}.Debug|Any CPU.ActiveCfg = Debug|Any CPU
		{2E1B4B9C-0004-4C6E-9F1A-0000000000C3}.Debug|Any CPU.Build.0 = Debug|Any CPU
		{2E1B4B9C-0004-4C6E-9F1A-0000000000C3}.Release|Any CPU.ActiveCfg = Release|Any CPU
		{2E1B4B9C-0004-4C6E-9F1A-0000000000C3}.Release|Any CPU.Build.0 = Release|Any CPU
		{2E1B4B9C-0005-4C6E-9F1A-0000000000C4}.Debug|Any CPU.ActiveCfg = Debug|Any CPU
		{2E1B4B9C-0005-4C6E-9F1A-0000000000C4}.Debug|Any CPU.Build.0 = Debug|Any CPU
		{2E1B4B9C-0005-4C6E-9F1A-0000000000C4}.Release|Any CPU.ActiveCfg = Release|Any CPU
		{2E1B4B9C-0005-4C6E-9F1A-0000000000C4}.Release|Any CPU.Build.0 = Release|Any CPU
		{2E1B4B9C-0006-4C6E-9F1A-0000000000C5}.Debug|Any CPU.ActiveCfg = Debug|Any CPU
		{2E1B4B9C-0006-4C6E-9F1A-0000000000C5}.Debug|Any CPU.Build.0 = Debug|Any CPU
		{2E1B4B9C-0006-4C6E-9F1A-0000000000C5}.Release|Any CPU.ActiveCfg = Release|Any CPU
		{2E1B4B9C-0006-4C6E-9F1A-0000000000C5}.Release|Any CPU.Build.0 = Release|Any CPU
		{2E1B4B9C-0007-4C6E-9F1A-0000000000C6}.Debug|Any CPU.ActiveCfg = Debug|Any CPU
		{2E1B4B9C-0007-4C6E-9F1A-0000000000C6}.Debug|Any CPU.Build.0 = Debug|Any CPU
		{2E1B4B9C-0007-4C6E-9F1A-0000000000C6}.Release|Any CPU.ActiveCfg = Release|Any CPU
		{2E1B4B9C-0007-4C6E-9F1A-0000000000C6}.Release|Any CPU.Build.0 = Release|Any CPU
		{2E1B4B9C-0008-4C6E-9F1A-0000000000C7}.Debug|Any CPU.ActiveCfg = Debug|Any CPU
		{2E1B4B9C-0008-4C6E-9F1A-0000000000C7}.Debug|Any CPU.Build.0 = Debug|Any CPU
		{2E1B4B9C-0008-4C6E-9F1A-0000000000C7}.Release|Any CPU.ActiveCfg = Release|Any CPU
		{2E1B4B9C-0008-4C6E-9F1A-0000000000C7}.Release|Any CPU.Build.0 = Release|Any CPU
		{2E1B4B9C-0009-4C6E-9F1A-0000000000C8}.Debug|Any CPU.ActiveCfg = Debug|Any CPU
		{2E1B4B9C-0009-4C6E-9F1A-0000000000C8}.Debug|Any CPU.Build.0 = Debug|Any CPU
		{2E1B4B9C-0009-4C6E-9F1A-0000000000C8}.Release|Any CPU.ActiveCfg = Release|Any CPU
		{2E1B4B9C-0009-4C6E-9F1A-0000000000C8}.Release|Any CPU.Build.0 = Release|Any CPU
		{2E1B4B9C-000A-4C6E-9F1A-0000000000C9}.Debug|Any CPU.ActiveCfg = Debug|Any CPU
		{2E1B4B9C-000A-4C6E-9F1A-0000000000C9}.Debug|Any CPU.Build.0 = Debug|Any CPU
		{2E1B4B9C-000A-4C6E-9F1A-0000000000C9}.Release|Any CPU.ActiveCfg = Release|Any CPU
		{2E1B4B9C-000A-4C6E-9F1A-0000000000C9}.Release|Any CPU.Build.0 = Release|Any CPU
		{2E1B4B9C-000B-4C6E-9F1A-0000000000CA}.Debug|Any CPU.ActiveCfg = Debug|Any CPU
		{2E1B4B9C-000B-4C6E-9F1A-0000000000CA}.Debug|Any CPU.Build.0 = Debug|Any CPU
		{2E1B4B9C-000B-4C6E-9F1A-0000000000CA}.Release|Any CPU.ActiveCfg = Release|Any CPU
		{2E1B4B9C-000B-4C6E-9F1A-0000000000CA}.Release|Any CPU.Build.0 = Release|Any CPU
		{AB11FFEA-51AC-42CB-A664-51B270507FC9}.Debug|Any CPU.ActiveCfg = Debug|Any CPU
		{AB11FFEA-51AC-42CB-A664-51B270507FC9}.Debug|Any CPU.Build.0 = Debug|Any CPU
		{AB11FFEA-51AC-42CB-A664-51B270507FC9}.Release|Any CPU.ActiveCfg = Release|Any CPU
		{AB11FFEA-51AC-42CB-A664-51B270507FC9}.Release|Any CPU.Build.0 = Release|Any CPU
		{6C8C347A-FBE0-4CF4-8F87-6CA83D5BDE9A}.Debug|Any CPU.ActiveCfg = Debug|Any CPU
		{6C8C347A-FBE0-4CF4-8F87-6CA83D5BDE9A}.Debug|Any CPU.Build.0 = Debug|Any CPU
		{6C8C347A-FBE0-4CF4-8F87-6CA83D5BDE9A}.Release|Any CPU.ActiveCfg = Release|Any CPU
		{6C8C347A-FBE0-4CF4-8F87-6CA83D5BDE9A}.Release|Any CPU.Build.0 = Release|Any CPU
		{B35CCF44-2F2E-4716-9D4F-8E80A9CA785A}.Debug|Any CPU.ActiveCfg = Debug|Any CPU
		{B35CCF44-2F2E-4716-9D4F-8E80A9CA785A}.Debug|Any CPU.Build.0 = Debug|Any CPU
		{B35CCF44-2F2E-4716-9D4F-8E80A9CA785A}.Release|Any CPU.ActiveCfg = Release|Any CPU
		{B35CCF44-2F2E-4716-9D4F-8E80A9CA785A}.Release|Any CPU.Build.0 = Release|Any CPU
		{003DA8F1-B4F4-4983-894D-368974DD245A}.Debug|Any CPU.ActiveCfg = Debug|Any CPU
		{003DA8F1-B4F4-4983-894D-368974DD245A}.Debug|Any CPU.Build.0 = Debug|Any CPU
		{003DA8F1-B4F4-4983-894D-368974DD245A}.Release|Any CPU.ActiveCfg = Release|Any CPU
		{003DA8F1-B4F4-4983-894D-368974DD245A}.Release|Any CPU.Build.0 = Release|Any CPU
	EndGlobalSection
	GlobalSection(NestedProjects) = preSolution
		{AB11FFEA-51AC-42CB-A664-51B270507FC9} = {BC73977A-8D58-46B7-A685-D244E44E7B8B}
		{6C8C347A-FBE0-4CF4-8F87-6CA83D5BDE9A} = {DE6F4E1E-9C2C-4FE7-A56A-5BE39F1F6D1F}
		{B35CCF44-2F2E-4716-9D4F-8E80A9CA785A} = {BC73977A-8D58-46B7-A685-D244E44E7B8B}
		{003DA8F1-B4F4-4983-894D-368974DD245A} = {BC73977A-8D58-46B7-A685-D244E44E7B8B}
	EndGlobalSection
EndGlobal
